
Microsoft Visual Studio Solution File, Format Version 12.00
# Visual Studio Version 16
VisualStudioVersion = 16.0.30406.217
MinimumVisualStudioVersion = 10.0.40219.1
Project("{FAE04EC0-301F-11D3-BF4B-00C04F79EFBC}") = "ConsoleApp2", "ConsoleApp2\ConsoleApp2.csproj", "{55A0D574-C6D1-4FE5-BF1E-4607FE63BE24}"
EndProject
Global
	GlobalSection(SolutionConfigurationPlatforms) = preSolution
		Debug|Any CPU = Debug|Any CPU
		Release|Any CPU = Release|Any CPU
	EndGlobalSection
	GlobalSection(ProjectConfigurationPlatforms) = postSolution
		{55A0D574-C6D1-4FE5-BF1E-4607FE63BE24}.Debug|Any CPU.ActiveCfg = Debug|Any CPU
		{55A0D574-C6D1-4FE5-BF1E-4607FE63BE24}.Debug|Any CPU.Build.0 = Debug|Any CPU
		{55A0D574-C6D1-4FE5-BF1E-4607FE63BE24}.Release|Any CPU.ActiveCfg = Release|Any CPU
		{55A0D574-C6D1-4FE5-BF1E-4607FE63BE24}.Release|Any CPU.Build.0 = Release|Any CPU
	EndGlobalSection
	GlobalSection(SolutionProperties) = preSolution
		HideSolutionNode = FALSE
	EndGlobalSection
	GlobalSection(ExtensibilityGlobals) = postSolution
		SolutionGuid = {A74C12DB-77D7-4A2D-9F4F-E3FB2E1E57D3}
	EndGlobalSection
EndGlobal
